
Microsoft Visual Studio Solution File, Format Version 12.00
# Visual Studio Version 17
VisualStudioVersion = 17.4.33110.190
MinimumVisualStudioVersion = 10.0.40219.1
Project("{8BC9CEB8-8B4A-11D0-8D11-00A0C91BC942}") = "AntraUzduotis", "AntraUzduotis\AntraUzduotis.vcxproj", "{1873734D-9EF5-406E-B533-F6848299CA1A}"
EndProject
Global
	GlobalSection(SolutionConfigurationPlatforms) = preSolution
		Debug|x64 = Debug|x64
		Debug|x86 = Debug|x86
		Release|x64 = Release|x64
		Release|x86 = Release|x86
	EndGlobalSection
	GlobalSection(ProjectConfigurationPlatforms) = postSolution
		{1873734D-9EF5-406E-B533-F6848299CA1A}.Debug|x64.ActiveCfg = Debug|x64
		{1873734D-9EF5-406E-B533-F6848299CA1A}.Debug|x64.Build.0 = Debug|x64
		{1873734D-9EF5-406E-B533-F6848299CA1A}.Debug|x86.ActiveCfg = Debug|Win32
		{1873734D-9EF5-406E-B533-F6848299CA1A}.Debug|x86.Build.0 = Debug|Win32
		{1873734D-9EF5-406E-B533-F6848299CA1A}.Release|x64.ActiveCfg = Release|x64
		{1873734D-9EF5-406E-B533-F6848299CA1A}.Release|x64.Build.0 = Release|x64
		{1873734D-9EF5-406E-B533-F6848299CA1A}.Release|x86.ActiveCfg = Release|Win32
		{1873734D-9EF5-406E-B533-F6848299CA1A}.Release|x86.Build.0 = Release|Win32
	EndGlobalSection
	GlobalSection(SolutionProperties) = preSolution
		HideSolutionNode = FALSE
	EndGlobalSection
	GlobalSection(ExtensibilityGlobals) = postSolution
		SolutionGuid = {15703165-B5D6-4B49-AEB7-36864AC635D6}
	EndGlobalSection
EndGlobal
